Microsoft Visual Studio Solution File, Format Version 12.00
# Visual Studio Version 17
VisualStudioVersion = 17.5.2.0
MinimumVisualStudioVersion = 10.0.40219.1
Project("{FAE04EC0-301F-11D3-BF4B-00C04F79EFBC}") = "KE03_INTDEV_SE_2_Base", "KE03_INTDEV_SE_2_Base.csproj", "{50568127-64F2-A45A-2640-BD610D013BD0}"
EndProject
Global
	GlobalSection(SolutionConfigurationPlatforms) = preSolution
		Debug|Any CPU = Debug|Any CPU
		Release|Any CPU = Release|Any CPU
	EndGlobalSection
	GlobalSection(ProjectConfigurationPlatforms) = postSolution
		{50568127-64F2-A45A-2640-BD610D013BD0}.Debug|Any CPU.ActiveCfg = Debug|Any CPU
		{50568127-64F2-A45A-2640-BD610D013BD0}.Debug|Any CPU.Build.0 = Debug|Any CPU
		{50568127-64F2-A45A-2640-BD610D013BD0}.Release|Any CPU.ActiveCfg = Release|Any CPU
		{50568127-64F2-A45A-2640-BD610D013BD0}.Release|Any CPU.Build.0 = Release|Any CPU
	EndGlobalSection
	GlobalSection(SolutionProperties) = preSolution
		HideSolutionNode = FALSE
	EndGlobalSection
	GlobalSection(ExtensibilityGlobals) = postSolution
		SolutionGuid = {ED7FD288-63DA-4564-92AD-E54CEA7458BE}
	EndGlobalSection
EndGlobal
